
Microsoft Visual Studio Solution File, Format Version 10.00
# Visual Studio 2008
Project("{8BC9CEB8-8B4A-11D0-8D11-00A0C91BC942}") = "bulkusb_lib", "lib\bulkusb_lib.vcproj", "{AE64CCF5-6022-4E61-B341-9FD90FA7CAC5}"
EndProject
Project("{8BC9CEB8-8B4A-11D0-8D11-00A0C91BC942}") = "test_exe", "exe\capsousb_test.vcproj", "{65469BA4-C5D1-4927-9D8A-E6B9FB6BBC7E}"
	ProjectSection(ProjectDependencies) = postProject
		{AE64CCF5-6022-4E61-B341-9FD90FA7CAC5} = {AE64CCF5-6022-4E61-B341-9FD90FA7CAC5}
	EndProjectSection
EndProject
Global
	GlobalSection(SolutionConfigurationPlatforms) = preSolution
		Debug|Win32 = Debug|Win32
		MFC_DLL_Debug|Win32 = MFC_DLL_Debug|Win32
		MFC_DLL_Release|Win32 = MFC_DLL_Release|Win32
		Release|Win32 = Release|Win32
	EndGlobalSection
	GlobalSection(ProjectConfigurationPlatforms) = postSolution
		{AE64CCF5-6022-4E61-B341-9FD90FA7CAC5}.Debug|Win32.ActiveCfg = Debug|Win32
		{AE64CCF5-6022-4E61-B341-9FD90FA7CAC5}.Debug|Win32.Build.0 = Debug|Win32
		{AE64CCF5-6022-4E61-B341-9FD90FA7CAC5}.MFC_DLL_Debug|Win32.ActiveCfg = MFC_DLL_Debug|Win32
		{AE64CCF5-6022-4E61-B341-9FD90FA7CAC5}.MFC_DLL_Debug|Win32.Build.0 = MFC_DLL_Debug|Win32
		{AE64CCF5-6022-4E61-B341-9FD90FA7CAC5}.MFC_DLL_Release|Win32.ActiveCfg = MFC_DLL_Release|Win32
		{AE64CCF5-6022-4E61-B341-9FD90FA7CAC5}.MFC_DLL_Release|Win32.Build.0 = MFC_DLL_Release|Win32
		{AE64CCF5-6022-4E61-B341-9FD90FA7CAC5}.Release|Win32.ActiveCfg = Release|Win32
		{AE64CCF5-6022-4E61-B341-9FD90FA7CAC5}.Release|Win32.Build.0 = Release|Win32
		{65469BA4-C5D1-4927-9D8A-E6B9FB6BBC7E}.Debug|Win32.ActiveCfg = Debug|Win32
		{65469BA4-C5D1-4927-9D8A-E6B9FB6BBC7E}.Debug|Win32.Build.0 = Debug|Win32
		{65469BA4-C5D1-4927-9D8A-E6B9FB6BBC7E}.MFC_DLL_Debug|Win32.ActiveCfg = MFC_DLL_Debug|Win32
		{65469BA4-C5D1-4927-9D8A-E6B9FB6BBC7E}.MFC_DLL_Debug|Win32.Build.0 = MFC_DLL_Debug|Win32
		{65469BA4-C5D1-4927-9D8A-E6B9FB6BBC7E}.MFC_DLL_Release|Win32.ActiveCfg = MFC_DLL_Release|Win32
		{65469BA4-C5D1-4927-9D8A-E6B9FB6BBC7E}.MFC_DLL_Release|Win32.Build.0 = MFC_DLL_Release|Win32
		{65469BA4-C5D1-4927-9D8A-E6B9FB6BBC7E}.Release|Win32.ActiveCfg = Release|Win32
		{65469BA4-C5D1-4927-9D8A-E6B9FB6BBC7E}.Release|Win32.Build.0 = Release|Win32
	EndGlobalSection
	GlobalSection(SolutionProperties) = preSolution
		HideSolutionNode = FALSE
	EndGlobalSection
EndGlobal
